<?xml version="1.0" encoding="utf-8"?>
<Project ToolsVersion="4.0" xmlns="http://schemas.microsoft.com/developer/msbuild/2003">
  <ItemGroup>
    <Filter Include="源文件">
      <UniqueIdentifier>{4FC737F1-C7A5-4376-A066-2A32D752A2FF}</UniqueIdentifier>
      <Extensions>cpp;c;cc;cxx;def;odl;idl;hpj;bat;asm;asmx</Extensions>
    </Filter>
    <Filter Include="头文件">
      <UniqueIdentifier>{93995380-89BD-4b04-88EB-625FBE52EBFB}</UniqueIdentifier>
      <Extensions>h;hh;hpp;hxx;hm;inl;inc;ipp;xsd</Extensions>
    </Filter>
    <Filter Include="资源文件">
      <UniqueIdentifier>{67DA6AB6-F800-4c08-8B7A-83BB121AAD01}</UniqueIdentifier>
      <Extensions>rc;ico;cur;bmp;dlg;rc2;rct;bin;rgs;gif;jpg;jpeg;jpe;resx;tiff;tif;png;wav;mfcribbon-ms</Extensions>
    </Filter>
    <Filter Include="头文件\控件">
      <UniqueIdentifier>{70c2c99e-f22a-4576-bf1c-470b94c9ac3a}</UniqueIdentifier>
    </Filter>
    <Filter Include="头文件\窗口">
      <UniqueIdentifier>{0c7609bb-28ae-4349-8ca0-c0a7b7bc4a6b}</UniqueIdentifier>
    </Filter>
    <Filter Include="头文件\运行">
      <UniqueIdentifier>{1b773d73-78d7-4ad8-8bf9-53b2483c4eb9}</UniqueIdentifier>
    </Filter>
    <Filter Include="头文件\配置">
      <UniqueIdentifier>{5500c491-6eae-4357-b236-9e464972ec7f}</UniqueIdentifier>
    </Filter>
  </ItemGroup>
  <ItemGroup>
    <ClInclude Include="MrChen.h">
      <Filter>头文件</Filter>
    </ClInclude>
    <ClInclude Include="stdafx.h">
      <Filter>头文件</Filter>
    </ClInclude>
    <ClInclude Include="targetver.h">
      <Filter>头文件</Filter>
    </ClInclude>
    <ClInclude Include="MainFrm.h">
      <Filter>头文件</Filter>
    </ClInclude>
    <ClInclude Include="MrChenDoc.h">
      <Filter>头文件</Filter>
    </ClInclude>
    <ClInclude Include="MrChenView.h">
      <Filter>头文件</Filter>
    </ClInclude>
    <ClInclude Include="CWndMyComboBox.h">
      <Filter>头文件\控件</Filter>
    </ClInclude>
    <ClInclude Include="CWndMySelBox.h">
      <Filter>头文件\控件</Filter>
    </ClInclude>
    <ClInclude Include="CWndMyStatic.h">
      <Filter>头文件\控件</Filter>
    </ClInclude>
    <ClInclude Include="CWndConfig.h">
      <Filter>头文件\窗口</Filter>
    </ClInclude>
    <ClInclude Include="CWndLog.h">
      <Filter>头文件\窗口</Filter>
    </ClInclude>
    <ClInclude Include="CWndEditor.h">
      <Filter>头文件\窗口</Filter>
    </ClInclude>
    <ClInclude Include="FileView.h">
      <Filter>头文件\窗口</Filter>
    </ClInclude>
    <ClInclude Include="OutputWnd.h">
      <Filter>头文件\窗口</Filter>
    </ClInclude>
    <ClInclude Include="ViewTree.h">
      <Filter>头文件\窗口</Filter>
    </ClInclude>
    <ClInclude Include="CWndMain.h">
      <Filter>头文件\窗口</Filter>
    </ClInclude>
    <ClInclude Include="ClassView.h">
      <Filter>头文件\窗口</Filter>
    </ClInclude>
    <ClInclude Include="CMySocketClient.h">
      <Filter>头文件\运行</Filter>
    </ClInclude>
    <ClInclude Include="CMyDevice.h">
      <Filter>头文件\运行</Filter>
    </ClInclude>
    <ClInclude Include="CMyCompletionPort.h">
      <Filter>头文件\运行</Filter>
    </ClInclude>
    <ClInclude Include="CMyComRTU.h">
      <Filter>头文件\运行</Filter>
    </ClInclude>
    <ClInclude Include="Param.h">
      <Filter>头文件\配置</Filter>
    </ClInclude>
    <ClInclude Include="PropertiesWnd.h">
      <Filter>头文件\窗口</Filter>
    </ClInclude>
    <ClInclude Include="Resource.h">
      <Filter>头文件\配置</Filter>
    </ClInclude>
    <ClInclude Include="CWndBase.h">
      <Filter>头文件\窗口</Filter>
    </ClInclude>
    <ClInclude Include="CWndCtrl.h">
      <Filter>头文件\控件</Filter>
    </ClInclude>
  </ItemGroup>
  <ItemGroup>
    <ClCompile Include="MrChen.cpp">
      <Filter>源文件</Filter>
    </ClCompile>
    <ClCompile Include="stdafx.cpp">
      <Filter>源文件</Filter>
    </ClCompile>
    <ClCompile Include="MainFrm.cpp">
      <Filter>源文件</Filter>
    </ClCompile>
    <ClCompile Include="MrChenDoc.cpp">
      <Filter>源文件</Filter>
    </ClCompile>
    <ClCompile Include="MrChenView.cpp">
      <Filter>源文件</Filter>
    </ClCompile>
    <ClCompile Include="FileView.cpp">
      <Filter>源文件</Filter>
    </ClCompile>
    <ClCompile Include="ClassView.cpp">
      <Filter>源文件</Filter>
    </ClCompile>
    <ClCompile Include="ViewTree.cpp">
      <Filter>源文件</Filter>
    </ClCompile>
    <ClCompile Include="OutputWnd.cpp">
      <Filter>源文件</Filter>
    </ClCompile>
    <ClCompile Include="PropertiesWnd.cpp">
      <Filter>源文件</Filter>
    </ClCompile>
    <ClCompile Include="CWndEditor.cpp">
      <Filter>源文件</Filter>
    </ClCompile>
    <ClCompile Include="CWndLog.cpp">
      <Filter>源文件</Filter>
    </ClCompile>
    <ClCompile Include="CWndConfig.cpp">
      <Filter>源文件</Filter>
    </ClCompile>
    <ClCompile Include="CWndMain.cpp">
      <Filter>源文件</Filter>
    </ClCompile>
    <ClCompile Include="CMyDevice.cpp">
      <Filter>源文件</Filter>
    </ClCompile>
    <ClCompile Include="CMySocketClient.cpp">
      <Filter>源文件</Filter>
    </ClCompile>
    <ClCompile Include="CMyComRTU.cpp">
      <Filter>源文件</Filter>
    </ClCompile>
    <ClCompile Include="CMyCompletionPort.cpp">
      <Filter>源文件</Filter>
    </ClCompile>
    <ClCompile Include="CWndMySelBox.cpp">
      <Filter>源文件</Filter>
    </ClCompile>
    <ClCompile Include="CWndMyComboBox.cpp">
      <Filter>源文件</Filter>
    </ClCompile>
    <ClCompile Include="CWndMyStatic.cpp">
      <Filter>源文件</Filter>
    </ClCompile>
    <ClCompile Include="CWndBase.cpp">
      <Filter>源文件</Filter>
    </ClCompile>
  </ItemGroup>
  <ItemGroup>
    <ResourceCompile Include="MrChen.rc">
      <Filter>资源文件</Filter>
    </ResourceCompile>
  </ItemGroup>
  <ItemGroup>
    <Image Include="res\file_view.ico">
      <Filter>资源文件</Filter>
    </Image>
    <Image Include="res\file_view_hc.ico">
      <Filter>资源文件</Filter>
    </Image>
    <Image Include="res\class_view.ico">
      <Filter>资源文件</Filter>
    </Image>
    <Image Include="res\class_view_hc.ico">
      <Filter>资源文件</Filter>
    </Image>
    <Image Include="res\fileview.bmp">
      <Filter>资源文件</Filter>
    </Image>
    <Image Include="res\fileview_hc.bmp">
      <Filter>资源文件</Filter>
    </Image>
    <Image Include="res\classview.bmp">
      <Filter>资源文件</Filter>
    </Image>
    <Image Include="res\classview_hc.bmp">
      <Filter>资源文件</Filter>
    </Image>
    <Image Include="res\explorer.bmp">
      <Filter>资源文件</Filter>
    </Image>
    <Image Include="res\explorer_hc.bmp">
      <Filter>资源文件</Filter>
    </Image>
    <Image Include="res\sort.bmp">
      <Filter>资源文件</Filter>
    </Image>
    <Image Include="res\sort_hc.bmp">
      <Filter>资源文件</Filter>
    </Image>
    <Image Include="res\menuimages.bmp">
      <Filter>资源文件</Filter>
    </Image>
    <Image Include="res\menuimages_hc.bmp">
      <Filter>资源文件</Filter>
    </Image>
    <Image Include="res\output_wnd.ico">
      <Filter>资源文件</Filter>
    </Image>
    <Image Include="res\output_wnd_hc.ico">
      <Filter>资源文件</Filter>
    </Image>
    <Image Include="res\properties_wnd.ico">
      <Filter>资源文件</Filter>
    </Image>
    <Image Include="res\properties_wnd_hc.ico">
      <Filter>资源文件</Filter>
    </Image>
    <Image Include="res\properties.bmp">
      <Filter>资源文件</Filter>
    </Image>
    <Image Include="res\properties_hc.bmp">
      <Filter>资源文件</Filter>
    </Image>
    <Image Include="res\userimages.bmp">
      <Filter>资源文件</Filter>
    </Image>
    <Image Include="res\MrChenDoc.ico">
      <Filter>资源文件</Filter>
    </Image>
    <Image Include="res\MrChen.ico">
      <Filter>资源文件</Filter>
    </Image>
    <Image Include="res\Toolbar.bmp">
      <Filter>资源文件</Filter>
    </Image>
    <Image Include="res\Toolbar256.bmp">
      <Filter>资源文件</Filter>
    </Image>
  </ItemGroup>
  <ItemGroup>
    <None Include="res\MrChen.rc2">
      <Filter>资源文件</Filter>
    </None>
  </ItemGroup>
</Project>